// !$*UTF8*$!
{
	archiveVersion = 1;
	classes = {
	};
	objectVersion = 50;
	objects = {

/* Begin PBXBuildFile section */
		A0ABE38721A4C86D0003AC00 /* AppDelegate.swift in Sources */ = {isa = PBXBuildFile; fileRef = A0ABE38621A4C86D0003AC00 /* AppDelegate.swift */; };
		A0ABE38921A4C86D0003AC00 /* ViewController.swift in Sources */ = {isa = PBXBuildFile; fileRef = A0ABE38821A4C86D0003AC00 /* ViewController.swift */; };
		A0ABE38C21A4C86D0003AC00 /* Main.storyboard in Resources */ = {isa = PBXBuildFile; fileRef = A0ABE38A21A4C86D0003AC00 /* Main.storyboard */; };
		A0ABE38F21A4C86D0003AC00 /* TableViewSectionDemo.xcdatamodeld in Sources */ = {isa = PBXBuildFile; fileRef = A0ABE38D21A4C86D0003AC00 /* TableViewSectionDemo.xcdatamodeld */; };
		A0ABE39121A4C86E0003AC00 /* Assets.xcassets in Resources */ = {isa = PBXBuildFile; fileRef = A0ABE39021A4C86E0003AC00 /* Assets.xcassets */; };
		A0ABE39421A4C86E0003AC00 /* LaunchScreen.storyboard in Resources */ = {isa = PBXBuildFile; fileRef = A0ABE39221A4C86E0003AC00 /* LaunchScreen.storyboard */; };
/* End PBXBuildFile section */

/* Begin PBXFileReference section */
		A0ABE38321A4C86D0003AC00 /* TableViewSectionDemo.app */ = {isa = PBXFileReference; explicitFileType = wrapper.application; includeInIndex = 0; path = TableViewSectionDemo.app; sourceTree = BUILT_PRODUCTS_DIR; };
		A0ABE38621A4C86D0003AC00 /* AppDelegate.swift */ = {isa = PBXFileReference; lastKnownFileType = sourcecode.swift; path = AppDelegate.swift; sourceTree = "<group>"; };
		A0ABE38821A4C86D0003AC00 /* ViewController.swift */ = {isa = PBXFileReference; lastKnownFileType = sourcecode.swift; path = ViewController.swift; sourceTree = "<group>"; };
		A0ABE38B21A4C86D0003AC00 /* Base */ = {isa = PBXFileReference; lastKnownFileType = file.storyboard; name = Base; path = Base.lproj/Main.storyboard; sourceTree = "<group>"; };
		A0ABE38E21A4C86D0003AC00 /* TableViewSectionDemo.xcdatamodel */ = {isa = PBXFileReference; lastKnownFileType = wrapper.xcdatamodel; path = TableViewSectionDemo.xcdatamodel; sourceTree = "<group>"; };
		A0ABE39021A4C86E0003AC00 /* Assets.xcassets */ = {isa = PBXFileReference; lastKnownFileType = folder.assetcatalog; path = Assets.xcassets; sourceTree = "<group>"; };
		A0ABE39321A4C86E0003AC00 /* Base */ = {isa = PBXFileReference; lastKnownFileType = file.storyboard; name = Base; path = Base.lproj/LaunchScreen.storyboard; sourceTree = "<group>"; };
		A0ABE39521A4C86E0003AC00 /* Info.plist */ = {isa = PBXFileReference; lastKnownFileType = text.plist.xml; path = Info.plist; sourceTree = "<group>"; };
/* End PBXFileReference section */

/* Begin PBXFrameworksBuildPhase section */
		A0ABE38021A4C86D0003AC00 /* Frameworks */ = {
			isa = PBXFrameworksBuildPhase;
			buildActionMask = 2147483647;
			files = (
			);
			runOnlyForDeploymentPostprocessing = 0;
		};
/* End PBXFrameworksBuildPhase section */

/* Begin PBXGroup section */
		A0ABE37A21A4C86D0003AC00 = {
			isa = PBXGroup;
			children = (
				A0ABE38521A4C86D0003AC00 /* TableViewSectionDemo */,
				A0ABE38421A4C86D0003AC00 /* Products */,
			);
			sourceTree = "<group>";
		};
		A0ABE38421A4C86D0003AC00 /* Products */ = {
			isa = PBXGroup;
			children = (
				A0ABE38321A4C86D0003AC00 /* TableViewSectionDemo.app */,
			);
			name = Products;
			sourceTree = "<group>";
		};
		A0ABE38521A4C86D0003AC00 /* TableViewSectionDemo */ = {
			isa = PBXGroup;
			children = (
				A0ABE38621A4C86D0003AC00 /* AppDelegate.swift */,
				A0ABE38821A4C86D0003AC00 /* ViewController.swift */,
				A0ABE38A21A4C86D0003AC00 /* Main.storyboard */,
				A0ABE39021A4C86E0003AC00 /* Assets.xcassets */,
				A0ABE39221A4C86E0003AC00 /* LaunchScreen.storyboard */,
				A0ABE39521A4C86E0003AC00 /* Info.plist */,
				A0ABE38D21A4C86D0003AC00 /* TableViewSectionDemo.xcdatamodeld */,
			);
			path = TableViewSectionDemo;
			sourceTree = "<group>";
		};
/* End PBXGroup section */

/* Begin PBXNativeTarget section */
		A0ABE38221A4C86D0003AC00 /* TableViewSectionDemo */ = {
			isa = PBXNativeTarget;
			buildConfigurationList = A0ABE39821A4C86E0003AC00 /* Build configuration list for PBXNativeTarget "TableViewSectionDemo" */;
			buildPhases = (
				A0ABE37F21A4C86D0003AC00 /* Sources */,
				A0ABE38021A4C86D0003AC00 /* Frameworks */,
				A0ABE38121A4C86D0003AC00 /* Resources */,
			);
			buildRules = (
			);
			dependencies = (
			);
			name = TableViewSectionDemo;
			productName = TableViewSectionDemo;
			productReference = A0ABE38321A4C86D0003AC00 /* TableViewSectionDemo.app */;
			productType = "com.apple.product-type.application";
		};
/* End PBXNativeTarget section */

/* Begin PBXProject section */
		A0ABE37B21A4C86D0003AC00 /* Project object */ = {
			isa = PBXProject;
			attributes = {
				LastSwiftUpdateCheck = 1000;
				LastUpgradeCheck = 1000;
				ORGANIZATIONNAME = "Michael Singh";
				TargetAttributes = {
					A0ABE38221A4C86D0003AC00 = {
						CreatedOnToolsVersion = 10.0;
					};
				};
			};
			buildConfigurationList = A0ABE37E21A4C86D0003AC00 /* Build configuration list for PBXProject "TableViewSectionDemo" */;
			compatibilityVersion = "Xcode 9.3";
			developmentRegion = en;
			hasScannedForEncodings = 0;
			knownRegions = (
				en,
				Base,
			);
			mainGroup = A0ABE37A21A4C86D0003AC00;
			productRefGroup = A0ABE38421A4C86D0003AC00 /* Products */;
			projectDirPath = "";
			projectRoot = "";
			targets = (
				A0ABE38221A4C86D0003AC00 /* TableViewSectionDemo */,
			);
		};
/* End PBXProject section */

/* Begin PBXResourcesBuildPhase section */
		A0ABE38121A4C86D0003AC00 /* Resources */ = {
			isa = PBXResourcesBuildPhase;
			buildActionMask = 2147483647;
			files = (
				A0ABE39421A4C86E0003AC00 /* LaunchScreen.storyboard in Resources */,
				A0ABE39121A4C86E0003AC00 /* Assets.xcassets in Resources */,
				A0ABE38C21A4C86D0003AC00 /* Main.storyboard in Resources */,
			);
			runOnlyForDeploymentPostprocessing = 0;
		};
/* End PBXResourcesBuildPhase section */

/* Begin PBXSourcesBuildPhase section */
		A0ABE37F21A4C86D0003AC00 /* Sources */ = {
			isa = PBXSourcesBuildPhase;
			buildActionMask = 2147483647;
			files = (
				A0ABE38F21A4C86D0003AC00 /* TableViewSectionDemo.xcdatamodeld in Sources */,
				A0ABE38921A4C86D0003AC00 /* ViewController.swift in Sources */,
				A0ABE38721A4C86D0003AC00 /* AppDelegate.swift in Sources */,
			);
			runOnlyForDeploymentPostprocessing = 0;
		};
/* End PBXSourcesBuildPhase section */

/* Begin PBXVariantGroup section */
		A0ABE38A21A4C86D0003AC00 /* Main.storyboard */ = {
			isa = PBXVariantGroup;
			children = (
				A0ABE38B21A4C86D0003AC00 /* Base */,
			);
			name = Main.storyboard;
			sourceTree = "<group>";
		};
		A0ABE39221A4C86E0003AC00 /* LaunchScreen.storyboard */ = {
			isa = PBXVariantGroup;
			children = (
				A0ABE39321A4C86E0003AC00 /* Base */,
			);
			name = LaunchScreen.storyboard;
			sourceTree = "<group>";
		};
/* End PBXVariantGroup section */

/* Begin XCBuildConfiguration section */
		A0ABE39621A4C86E0003AC00 /* Debug */ = {
			isa = XCBuildConfiguration;
			buildSettings = {
				ALWAYS_SEARCH_USER_PATHS = NO;
				CLANG_ANALYZER_NONNULL = YES;
				CLANG_ANALYZER_NUMBER_OBJECT_CONVERSION = YES_AGGRESSIVE;
				CLANG_CXX_LANGUAGE_STANDARD = "gnu++14";
				CLANG_CXX_LIBRARY = "libc++";
				CLANG_ENABLE_MODULES = YES;
				CLANG_ENABLE_OBJC_ARC = YES;
				CLANG_ENABLE_OBJC_WEAK = YES;
				CLANG_WARN_BLOCK_CAPTURE_AUTORELEASING = YES;
				CLANG_WARN_BOOL_CONVERSION = YES;
				CLANG_WARN_COMMA = YES;
				CLANG_WARN_CONSTANT_CONVERSION = YES;
				CLANG_WARN_DEPRECATED_OBJC_IMPLEMENTATIONS = YES;
				CLANG_WARN_DIRECT_OBJC_ISA_USAGE = YES_ERROR;
				CLANG_WARN_DOCUMENTATION_COMMENTS = YES;
				CLANG_WARN_EMPTY_BODY = YES;
				CLANG_WARN_ENUM_CONVERSION = YES;
				CLANG_WARN_INFINITE_RECURSION = YES;
				CLANG_WARN_INT_CONVERSION = YES;
				CLANG_WARN_NON_LITERAL_NULL_CONVERSION = YES;
				CLANG_WARN_OBJC_IMPLICIT_RETAIN_SELF = YES;
				CLANG_WARN_OBJC_LITERAL_CONVERSION = YES;
				CLANG_WARN_OBJC_ROOT_CLASS = YES_ERROR;
				CLANG_WARN_RANGE_LOOP_ANALYSIS = YES;
				CLANG_WARN_STRICT_PROTOTYPES = YES;
				CLANG_WARN_SUSPICIOUS_MOVE = YES;
				CLANG_WARN_UNGUARDED_AVAILABILITY = YES_AGGRESSIVE;
				CLANG_WARN_UNREACHABLE_CODE = YES;
				CLANG_WARN__DUPLICATE_METHOD_MATCH = YES;
				CODE_SIGN_IDENTITY = "iPhone Developer";
				COPY_PHASE_STRIP = NO;
				DEBUG_INFORMATION_FORMAT = dwarf;
				ENABLE_STRICT_OBJC_MSGSEND = YES;
				ENABLE_TESTABILITY = YES;
				GCC_C_LANGUAGE_STANDARD = gnu11;
				GCC_DYNAMIC_NO_PIC = NO;
				GCC_NO_COMMON_BLOCKS = YES;
				GCC_OPTIMIZATION_LEVEL = 0;
				GCC_PREPROCESSOR_DEFINITIONS = (
					"DEBUG=1",
					"$(inherited)",
				);
				GCC_WARN_64_TO_32_BIT_CONVERSION = YES;
				GCC_WARN_ABOUT_RETURN_TYPE = YES_ERROR;
				GCC_WARN_UNDECLARED_SELECTOR = YES;
				GCC_WARN_UNINITIALIZED_AUTOS = YES_AGGRESSIVE;
				GCC_WARN_UNUSED_FUNCTION = YES;
				GCC_WARN_UNUSED_VARIABLE = YES;
				IPHONEOS_DEPLOYMENT_TARGET = 12.0;
				MTL_ENABLE_DEBUG_INFO = INCLUDE_SOURCE;
				MTL_FAST_MATH = YES;
				ONLY_ACTIVE_ARCH = YES;
				SDKROOT = iphoneos;
				SWIFT_ACTIVE_COMPILATION_CONDITIONS = DEBUG;
				SWIFT_OPTIMIZATION_LEVEL = "-Onone";
			};
			name = Debug;
		};
		A0ABE39721A4C86E0003AC00 /* Release */ = {
			isa = XCBuildConfiguration;
			buildSettings = {
				ALWAYS_SEARCH_USER_PATHS = NO;
				CLANG_ANALYZER_NONNULL = YES;
				CLANG_ANALYZER_NUMBER_OBJECT_CONVERSION = YES_AGGRESSIVE;
				CLANG_CXX_LANGUAGE_STANDARD = "gnu++14";
				CLANG_CXX_LIBRARY = "libc++";
				CLANG_ENABLE_MODULES = YES;
				CLANG_ENABLE_OBJC_ARC = YES;
				CLANG_ENABLE_OBJC_WEAK = YES;
				CLANG_WARN_BLOCK_CAPTURE_AUTORELEASING = YES;
				CLANG_WARN_BOOL_CONVERSION = YES;
				CLANG_WARN_COMMA = YES;
				CLANG_WARN_CONSTANT_CONVERSION = YES;
				CLANG_WARN_DEPRECATED_OBJC_IMPLEMENTATIONS = YES;
				CLANG_WARN_DIRECT_OBJC_ISA_USAGE = YES_ERROR;
				CLANG_WARN_DOCUMENTATION_COMMENTS = YES;
				CLANG_WARN_EMPTY_BODY = YES;
				CLANG_WARN_ENUM_CONVERSION = YES;
				CLANG_WARN_INFINITE_RECURSION = YES;
				CLANG_WARN_INT_CONVERSION = YES;
				CLANG_WARN_NON_LITERAL_NULL_CONVERSION = YES;
				CLANG_WARN_OBJC_IMPLICIT_RETAIN_SELF = YES;
				CLANG_WARN_OBJC_LITERAL_CONVERSION = YES;
				CLANG_WARN_OBJC_ROOT_CLASS = YES_ERROR;
				CLANG_WARN_RANGE_LOOP_ANALYSIS = YES;
				CLANG_WARN_STRICT_PROTOTYPES = YES;
				CLANG_WARN_SUSPICIOUS_MOVE = YES;
				CLANG_WARN_UNGUARDED_AVAILABILITY = YES_AGGRESSIVE;
				CLANG_WARN_UNREACHABLE_CODE = YES;
				CLANG_WARN__DUPLICATE_METHOD_MATCH = YES;
				CODE_SIGN_IDENTITY = "iPhone Developer";
				COPY_PHASE_STRIP = NO;
				DEBUG_INFORMATION_FORMAT = "dwarf-with-dsym";
				ENABLE_NS_ASSERTIONS = NO;
				ENABLE_STRICT_OBJC_MSGSEND = YES;
				GCC_C_LANGUAGE_STANDARD = gnu11;
				GCC_NO_COMMON_BLOCKS = YES;
				GCC_WARN_64_TO_32_BIT_CONVERSION = YES;
				GCC_WARN_ABOUT_RETURN_TYPE = YES_ERROR;
				GCC_WARN_UNDECLARED_SELECTOR = YES;
				GCC_WARN_UNINITIALIZED_AUTOS = YES_AGGRESSIVE;
				GCC_WARN_UNUSED_FUNCTION = YES;
				GCC_WARN_UNUSED_VARIABLE = YES;
				IPHONEOS_DEPLOYMENT_TARGET = 12.0;
				MTL_ENABLE_DEBUG_INFO = NO;
				MTL_FAST_MATH = YES;
				SDKROOT = iphoneos;
				SWIFT_COMPILATION_MODE = wholemodule;
				SWIFT_OPTIMIZATION_LEVEL = "-O";
				VALIDATE_PRODUCT = YES;
			};
			name = Release;
		};
		A0ABE39921A4C86E0003AC00 /* Debug */ = {
			isa = XCBuildConfiguration;
			buildSettings = {
				ASSETCATALOG_COMPILER_APPICON_NAME = AppIcon;
				CODE_SIGN_STYLE = Automatic;
				INFOPLIST_FILE = TableViewSectionDemo/Info.plist;
				LD_RUNPATH_SEARCH_PATHS = (
					"$(inherited)",
					"@executable_path/Frameworks",
				);
				PRODUCT_BUNDLE_IDENTIFIER = MIT.TableViewSectionDemo;
				PRODUCT_NAME = "$(TARGET_NAME)";
				SWIFT_VERSION = 4.2;
				TARGETED_DEVICE_FAMILY = "1,2";
			};
			name = Debug;
		};
		A0ABE39A21A4C86E0003AC00 /* Release */ = {
			isa = XCBuildConfiguration;
			buildSettings = {
				ASSETCATALOG_COMPILER_APPICON_NAME = AppIcon;
				CODE_SIGN_STYLE = Automatic;
				INFOPLIST_FILE = TableViewSectionDemo/Info.plist;
				LD_RUNPATH_SEARCH_PATHS = (
					"$(inherited)",
					"@executable_path/Frameworks",
				);
				PRODUCT_BUNDLE_IDENTIFIER = MIT.TableViewSectionDemo;
				PRODUCT_NAME = "$(TARGET_NAME)";
				SWIFT_VERSION = 4.2;
				TARGETED_DEVICE_FAMILY = "1,2";
			};
			name = Release;
		};
/* End XCBuildConfiguration section */

/* Begin XCConfigurationList section */
		A0ABE37E21A4C86D0003AC00 /* Build configuration list for PBXProject "TableViewSectionDemo" */ = {
			isa = XCConfigurationList;
			buildConfigurations = (
				A0ABE39621A4C86E0003AC00 /* Debug */,
				A0ABE39721A4C86E0003AC00 /* Release */,
			);
			defaultConfigurationIsVisible = 0;
			defaultConfigurationName = Release;
		};
		A0ABE39821A4C86E0003AC00 /* Build configuration list for PBXNativeTarget "TableViewSectionDemo" */ = {
			isa = XCConfigurationList;
			buildConfigurations = (
				A0ABE39921A4C86E0003AC00 /* Debug */,
				A0ABE39A21A4C86E0003AC00 /* Release */,
			);
			defaultConfigurationIsVisible = 0;
			defaultConfigurationName = Release;
		};
/* End XCConfigurationList section */

/* Begin XCVersionGroup section */
		A0ABE38D21A4C86D0003AC00 /* TableViewSectionDemo.xcdatamodeld */ = {
			isa = XCVersionGroup;
			children = (
				A0ABE38E21A4C86D0003AC00 /* TableViewSectionDemo.xcdatamodel */,
			);
			currentVersion = A0ABE38E21A4C86D0003AC00 /* TableViewSectionDemo.xcdatamodel */;
			path = TableViewSectionDemo.xcdatamodeld;
			sourceTree = "<group>";
			versionGroupType = wrapper.xcdatamodel;
		};
/* End XCVersionGroup section */
	};
	rootObject = A0ABE37B21A4C86D0003AC00 /* Project object */;
}
